lockVersion: 2.0.0
id: b882d63f-9397-41a4-b9b3-4ad5b31391ab
management:
  docChecksum: db7bd8f69518c551928aef7eb16008e2
  docVersion: 0.0.1
  speakeasyVersion: internal
  generationVersion: 2.253.0
  releaseVersion: 0.7.0
  configChecksum: 6d68dfd9ae472d11c9d99ad513e5e921
  repoURL: https://github.com/speakeasy-sdks/tigris-python-sdk.git
  repoSubDirectory: .
  installationURL: https://github.com/speakeasy-sdks/tigris-python-sdk.git
features:
  python:
    core: 4.4.5
    examples: 2.81.3
    globalSecurity: 2.83.2
    globalServerURLs: 2.82.1
    nameOverrides: 2.81.1
generatedFiles:
  - src/tigris/sdkconfiguration.py
  - src/tigris/auth.py
  - src/tigris/system.py
  - src/tigris/namespace.py
  - src/tigris/user.py
  - src/tigris/project.py
  - src/tigris/appkey.py
  - src/tigris/cache.py
  - src/tigris/database.py
  - src/tigris/collection.py
  - src/tigris/channel.py
  - src/tigris/search.py
  - src/tigris/sdk.py
  - pylintrc
  - setup.py
  - src/tigris/__init__.py
  - src/tigris/utils/__init__.py
  - src/tigris/utils/retries.py
  - src/tigris/utils/utils.py
  - src/tigris/models/errors/sdkerror.py
  - tests/helpers.py
  - src/tigris/models/operations/auth_getaccesstoken.py
  - src/tigris/models/operations/healthapi_health.py
  - src/tigris/models/operations/observability_getinfo.py
  - src/tigris/models/operations/observability_quotausage.py
  - src/tigris/models/operations/observability_quotalimits.py
  - src/tigris/models/operations/observability_querytimeseriesmetrics.py
  - src/tigris/models/operations/createnamespace.py
  - src/tigris/models/operations/management_describenamespaces.py
  - src/tigris/models/operations/management_getnamespacemetadata.py
  - src/tigris/models/operations/management_insertnamespacemetadata.py
  - src/tigris/models/operations/management_listnamespaces.py
  - src/tigris/models/operations/management_updatenamespacemetadata.py
  - src/tigris/models/operations/management_getusermetadata.py
  - src/tigris/models/operations/management_insertusermetadata.py
  - src/tigris/models/operations/management_updateusermetadata.py
  - src/tigris/models/operations/tigris_createproject.py
  - src/tigris/models/operations/tigris_deleteproject.py
  - src/tigris/models/operations/tigris_listprojects.py
  - src/tigris/models/operations/tigris_deleteappkey.py
  - src/tigris/models/operations/tigris_listappkeys.py
  - src/tigris/models/operations/tigris_rotateappkeysecret.py
  - src/tigris/models/operations/tigris_createappkey.py
  - src/tigris/models/operations/tigris_updateappkey.py
  - src/tigris/models/operations/cache_createcache.py
  - src/tigris/models/operations/cache_deletecache.py
  - src/tigris/models/operations/cache_del.py
  - src/tigris/models/operations/cache_get.py
  - src/tigris/models/operations/cache_getset.py
  - src/tigris/models/operations/cache_listcaches.py
  - src/tigris/models/operations/cache_keys.py
  - src/tigris/models/operations/cache_set.py
  - src/tigris/models/operations/tigris_begintransaction.py
  - src/tigris/models/operations/tigris_committransaction.py
  - src/tigris/models/operations/tigris_createbranch.py
  - src/tigris/models/operations/tigris_deletebranch.py
  - src/tigris/models/operations/tigris_describedatabase.py
  - src/tigris/models/operations/tigris_listcollections.py
  - src/tigris/models/operations/tigris_rollbacktransaction.py
  - src/tigris/models/operations/tigris_listbranches.py
  - src/tigris/models/operations/tigris_createorupdatecollection.py
  - src/tigris/models/operations/tigris_delete.py
  - src/tigris/models/operations/tigris_describecollection.py
  - src/tigris/models/operations/tigris_dropcollection.py
  - src/tigris/models/operations/tigris_import.py
  - src/tigris/models/operations/tigris_insert.py
  - src/tigris/models/operations/tigris_read.py
  - src/tigris/models/operations/tigris_replace.py
  - src/tigris/models/operations/tigris_search.py
  - src/tigris/models/operations/tigris_update.py
  - src/tigris/models/operations/realtime_getrtchannel.py
  - src/tigris/models/operations/realtime_readmessages.py
  - src/tigris/models/operations/realtime_getrtchannels.py
  - src/tigris/models/operations/realtime_listsubscriptions.py
  - src/tigris/models/operations/realtime_messages.py
  - src/tigris/models/operations/realtime_presence.py
  - src/tigris/models/operations/search_createbyid.py
  - src/tigris/models/operations/search_create.py
  - src/tigris/models/operations/search_delete.py
  - src/tigris/models/operations/search_deleteindex.py
  - src/tigris/models/operations/search_search.py
  - src/tigris/models/operations/search_get.py
  - src/tigris/models/operations/search_getindex.py
  - src/tigris/models/operations/search_listindexes.py
  - src/tigris/models/operations/search_deletebyquery.py
  - src/tigris/models/operations/search_createorreplace.py
  - src/tigris/models/operations/search_update.py
  - src/tigris/models/operations/search_createorupdateindex.py
  - src/tigris/models/shared/status.py
  - src/tigris/models/shared/error.py
  - src/tigris/models/shared/getaccesstokenresponse.py
  - src/tigris/models/shared/healthcheckresponse.py
  - src/tigris/models/shared/getinforesponse.py
  - src/tigris/models/shared/quotausageresponse.py
  - src/tigris/models/shared/quotausagerequest.py
  - src/tigris/models/shared/quotalimitsresponse.py
  - src/tigris/models/shared/quotalimitsrequest.py
  - src/tigris/models/shared/querytimeseriesmetricsresponse.py
  - src/tigris/models/shared/metricseries.py
  - src/tigris/models/shared/datapoint.py
  - src/tigris/models/shared/querytimeseriesmetricsrequest.py
  - src/tigris/models/shared/additionalfunction.py
  - src/tigris/models/shared/rollupfunction.py
  - src/tigris/models/shared/createnamespaceresponse.py
  - src/tigris/models/shared/namespaceinfo.py
  - src/tigris/models/shared/createnamespacerequest.py
  - src/tigris/models/shared/describenamespacesresponse.py
  - src/tigris/models/shared/describenamespacesdata.py
  - src/tigris/models/shared/getnamespacemetadataresponse.py
  - src/tigris/models/shared/getnamespacemetadatarequest.py
  - src/tigris/models/shared/insertnamespacemetadataresponse.py
  - src/tigris/models/shared/insertnamespacemetadatarequest.py
  - src/tigris/models/shared/listnamespacesresponse.py
  - src/tigris/models/shared/updatenamespacemetadataresponse.py
  - src/tigris/models/shared/updatenamespacemetadatarequest.py
  - src/tigris/models/shared/getusermetadataresponse.py
  - src/tigris/models/shared/getusermetadatarequest.py
  - src/tigris/models/shared/insertusermetadataresponse.py
  - src/tigris/models/shared/insertusermetadatarequest.py
  - src/tigris/models/shared/updateusermetadataresponse.py
  - src/tigris/models/shared/updateusermetadatarequest.py
  - src/tigris/models/shared/createprojectresponse.py
  - src/tigris/models/shared/createprojectrequest.py
  - src/tigris/models/shared/deleteprojectresponse.py
  - src/tigris/models/shared/deleteprojectrequest.py
  - src/tigris/models/shared/listprojectsresponse.py
  - src/tigris/models/shared/projectinfo.py
  - src/tigris/models/shared/projectmetadata.py
  - src/tigris/models/shared/deleteappkeyresponse.py
  - src/tigris/models/shared/deleteappkeyrequest.py
  - src/tigris/models/shared/listappkeysresponse.py
  - src/tigris/models/shared/appkey.py
  - src/tigris/models/shared/rotateappkeyresponse.py
  - src/tigris/models/shared/rotateappkeyrequest.py
  - src/tigris/models/shared/createappkeyresponse.py
  - src/tigris/models/shared/createappkeyrequest.py
  - src/tigris/models/shared/updateappkeyresponse.py
  - src/tigris/models/shared/updateappkeyrequest.py
  - src/tigris/models/shared/createcacheresponse.py
  - src/tigris/models/shared/createcacherequest.py
  - src/tigris/models/shared/createcacheoptions.py
  - src/tigris/models/shared/deletecacheresponse.py
  - src/tigris/models/shared/deletecacherequest.py
  - src/tigris/models/shared/delresponse.py
  - src/tigris/models/shared/delrequest.py
  - src/tigris/models/shared/getresponse.py
  - src/tigris/models/shared/getsetresponse.py
  - src/tigris/models/shared/getsetrequest.py
  - src/tigris/models/shared/listcachesresponse.py
  - src/tigris/models/shared/cachemetadata.py
  - src/tigris/models/shared/keysresponse.py
  - src/tigris/models/shared/setresponse.py
  - src/tigris/models/shared/setrequest.py
  - src/tigris/models/shared/begintransactionresponse.py
  - src/tigris/models/shared/transactionctx.py
  - src/tigris/models/shared/begintransactionrequest.py
  - src/tigris/models/shared/transactionoptions.py
  - src/tigris/models/shared/committransactionresponse.py
  - src/tigris/models/shared/committransactionrequest.py
  - src/tigris/models/shared/createbranchresponse.py
  - src/tigris/models/shared/createbranchrequest.py
  - src/tigris/models/shared/deletebranchresponse.py
  - src/tigris/models/shared/deletebranchrequest.py
  - src/tigris/models/shared/describedatabaseresponse.py
  - src/tigris/models/shared/databasemetadata.py
  - src/tigris/models/shared/collectiondescription.py
  - src/tigris/models/shared/collectionmetadata.py
  - src/tigris/models/shared/describedatabaserequest.py
  - src/tigris/models/shared/listcollectionsresponse.py
  - src/tigris/models/shared/collectioninfo.py
  - src/tigris/models/shared/rollbacktransactionresponse.py
  - src/tigris/models/shared/rollbacktransactionrequest.py
  - src/tigris/models/shared/listbranchesresponse.py
  - src/tigris/models/shared/branchinfo.py
  - src/tigris/models/shared/branchmetadata.py
  - src/tigris/models/shared/createorupdatecollectionresponse.py
  - src/tigris/models/shared/createorupdatecollectionrequest.py
  - src/tigris/models/shared/collectionoptions.py
  - src/tigris/models/shared/deleteresponse.py
  - src/tigris/models/shared/responsemetadata.py
  - src/tigris/models/shared/deleterequest.py
  - src/tigris/models/shared/deleterequestoptions.py
  - src/tigris/models/shared/writeoptions.py
  - src/tigris/models/shared/collation.py
  - src/tigris/models/shared/describecollectionresponse.py
  - src/tigris/models/shared/describecollectionrequest.py
  - src/tigris/models/shared/dropcollectionresponse.py
  - src/tigris/models/shared/dropcollectionrequest.py
  - src/tigris/models/shared/importresponse.py
  - src/tigris/models/shared/importrequest.py
  - src/tigris/models/shared/importrequestoptions.py
  - src/tigris/models/shared/insertresponse.py
  - src/tigris/models/shared/insertrequest.py
  - src/tigris/models/shared/insertrequestoptions.py
  - src/tigris/models/shared/streamingreadresponse.py
  - src/tigris/models/shared/readresponse.py
  - src/tigris/models/shared/readrequest.py
  - src/tigris/models/shared/readrequestoptions.py
  - src/tigris/models/shared/replaceresponse.py
  - src/tigris/models/shared/replacerequest.py
  - src/tigris/models/shared/replacerequestoptions.py
  - src/tigris/models/shared/streamingsearchresponse.py
  - src/tigris/models/shared/searchresponse.py
  - src/tigris/models/shared/searchmetadata.py
  - src/tigris/models/shared/page.py
  - src/tigris/models/shared/searchhit.py
  - src/tigris/models/shared/searchhitmeta.py
  - src/tigris/models/shared/searchfacet.py
  - src/tigris/models/shared/facetstats.py
  - src/tigris/models/shared/facetcount.py
  - src/tigris/models/shared/searchrequest.py
  - src/tigris/models/shared/updateresponse.py
  - src/tigris/models/shared/updaterequest.py
  - src/tigris/models/shared/updaterequestoptions.py
  - src/tigris/models/shared/getrtchannelresponse.py
  - src/tigris/models/shared/readmessagesresponse.py
  - src/tigris/models/shared/message.py
  - src/tigris/models/shared/getrtchannelsresponse.py
  - src/tigris/models/shared/channelmetadata.py
  - src/tigris/models/shared/listsubscriptionresponse.py
  - src/tigris/models/shared/messagesresponse.py
  - src/tigris/models/shared/messagesrequest.py
  - src/tigris/models/shared/presenceresponse.py
  - src/tigris/models/shared/createbyidresponse.py
  - src/tigris/models/shared/createbyidrequest.py
  - src/tigris/models/shared/createdocumentresponse.py
  - src/tigris/models/shared/docstatus.py
  - src/tigris/models/shared/createdocumentrequest.py
  - src/tigris/models/shared/deletedocumentresponse.py
  - src/tigris/models/shared/deletedocumentrequest.py
  - src/tigris/models/shared/deleteindexresponse.py
  - src/tigris/models/shared/deleteindexrequest.py
  - src/tigris/models/shared/searchindexresponse.py
  - src/tigris/models/shared/indexdoc.py
  - src/tigris/models/shared/docmeta.py
  - src/tigris/models/shared/searchindexrequest.py
  - src/tigris/models/shared/getdocumentresponse.py
  - src/tigris/models/shared/getindexresponse.py
  - src/tigris/models/shared/indexinfo.py
  - src/tigris/models/shared/listindexesresponse.py
  - src/tigris/models/shared/deletebyqueryresponse.py
  - src/tigris/models/shared/deletebyqueryrequest.py
  - src/tigris/models/shared/createorreplacedocumentresponse.py
  - src/tigris/models/shared/createorreplacedocumentrequest.py
  - src/tigris/models/shared/updatedocumentresponse.py
  - src/tigris/models/shared/updatedocumentrequest.py
  - src/tigris/models/shared/createorupdateindexresponse.py
  - src/tigris/models/shared/createorupdateindexrequest.py
  - src/tigris/models/shared/security.py
  - src/tigris/models/__init__.py
  - src/tigris/models/errors/__init__.py
  - src/tigris/models/operations/__init__.py
  - src/tigris/models/shared/__init__.py
  - docs/models/operations/authgetaccesstokenresponse.md
  - docs/models/operations/healthapihealthresponse.md
  - docs/models/operations/observabilitygetinforesponse.md
  - docs/models/operations/observabilityquotausageresponse.md
  - docs/models/operations/observabilityquotalimitsresponse.md
  - docs/models/operations/observabilityquerytimeseriesmetricsresponse.md
  - docs/models/operations/createnamespaceresponse.md
  - docs/models/operations/managementdescribenamespacesresponse.md
  - docs/models/operations/managementgetnamespacemetadatarequest.md
  - docs/models/operations/managementgetnamespacemetadataresponse.md
  - docs/models/operations/managementinsertnamespacemetadatarequest.md
  - docs/models/operations/managementinsertnamespacemetadataresponse.md
  - docs/models/operations/managementlistnamespacesresponse.md
  - docs/models/operations/managementupdatenamespacemetadatarequest.md
  - docs/models/operations/managementupdatenamespacemetadataresponse.md
  - docs/models/operations/managementgetusermetadatarequest.md
  - docs/models/operations/managementgetusermetadataresponse.md
  - docs/models/operations/managementinsertusermetadatarequest.md
  - docs/models/operations/managementinsertusermetadataresponse.md
  - docs/models/operations/managementupdateusermetadatarequest.md
  - docs/models/operations/managementupdateusermetadataresponse.md
  - docs/models/operations/tigriscreateprojectrequest.md
  - docs/models/operations/tigriscreateprojectresponse.md
  - docs/models/operations/tigrisdeleteprojectrequest.md
  - docs/models/operations/tigrisdeleteprojectresponse.md
  - docs/models/operations/tigrislistprojectsresponse.md
  - docs/models/operations/tigrisdeleteappkeyrequest.md
  - docs/models/operations/tigrisdeleteappkeyresponse.md
  - docs/models/operations/tigrislistappkeysrequest.md
  - docs/models/operations/tigrislistappkeysresponse.md
  - docs/models/operations/tigrisrotateappkeysecretrequest.md
  - docs/models/operations/tigrisrotateappkeysecretresponse.md
  - docs/models/operations/tigriscreateappkeyrequest.md
  - docs/models/operations/tigriscreateappkeyresponse.md
  - docs/models/operations/tigrisupdateappkeyrequest.md
  - docs/models/operations/tigrisupdateappkeyresponse.md
  - docs/models/operations/cachecreatecacherequest.md
  - docs/models/operations/cachecreatecacheresponse.md
  - docs/models/operations/cachedeletecacherequest.md
  - docs/models/operations/cachedeletecacheresponse.md
  - docs/models/operations/cachedelrequest.md
  - docs/models/operations/cachedelresponse.md
  - docs/models/operations/cachegetrequest.md
  - docs/models/operations/cachegetresponse.md
  - docs/models/operations/cachegetsetrequest.md
  - docs/models/operations/cachegetsetresponse.md
  - docs/models/operations/cachelistcachesrequest.md
  - docs/models/operations/cachelistcachesresponse.md
  - docs/models/operations/cachekeysrequest.md
  - docs/models/operations/cachekeysresponse.md
  - docs/models/operations/cachesetrequest.md
  - docs/models/operations/cachesetresponse.md
  - docs/models/operations/tigrisbegintransactionrequest.md
  - docs/models/operations/tigrisbegintransactionresponse.md
  - docs/models/operations/tigriscommittransactionrequest.md
  - docs/models/operations/tigriscommittransactionresponse.md
  - docs/models/operations/tigriscreatebranchrequest.md
  - docs/models/operations/tigriscreatebranchresponse.md
  - docs/models/operations/tigrisdeletebranchrequest.md
  - docs/models/operations/tigrisdeletebranchresponse.md
  - docs/models/operations/tigrisdescribedatabaserequest.md
  - docs/models/operations/tigrisdescribedatabaseresponse.md
  - docs/models/operations/tigrislistcollectionsrequest.md
  - docs/models/operations/tigrislistcollectionsresponse.md
  - docs/models/operations/tigrisrollbacktransactionrequest.md
  - docs/models/operations/tigrisrollbacktransactionresponse.md
  - docs/models/operations/tigrislistbranchesrequest.md
  - docs/models/operations/tigrislistbranchesresponse.md
  - docs/models/operations/tigriscreateorupdatecollectionrequest.md
  - docs/models/operations/tigriscreateorupdatecollectionresponse.md
  - docs/models/operations/tigrisdeleterequest.md
  - docs/models/operations/tigrisdeleteresponse.md
  - docs/models/operations/tigrisdescribecollectionrequest.md
  - docs/models/operations/tigrisdescribecollectionresponse.md
  - docs/models/operations/tigrisdropcollectionrequest.md
  - docs/models/operations/tigrisdropcollectionresponse.md
  - docs/models/operations/tigrisimportrequest.md
  - docs/models/operations/tigrisimportresponse.md
  - docs/models/operations/tigrisinsertrequest.md
  - docs/models/operations/tigrisinsertresponse.md
  - docs/models/operations/tigrisreadrequest.md
  - docs/models/operations/tigrisreadresponse.md
  - docs/models/operations/tigrisreplacerequest.md
  - docs/models/operations/tigrisreplaceresponse.md
  - docs/models/operations/tigrissearchrequest.md
  - docs/models/operations/tigrissearchresponse.md
  - docs/models/operations/tigrisupdaterequest.md
  - docs/models/operations/tigrisupdateresponse.md
  - docs/models/operations/realtimegetrtchannelrequest.md
  - docs/models/operations/realtimegetrtchannelresponse.md
  - docs/models/operations/realtimereadmessagesrequest.md
  - docs/models/operations/realtimereadmessagesresponse.md
  - docs/models/operations/realtimegetrtchannelsrequest.md
  - docs/models/operations/realtimegetrtchannelsresponse.md
  - docs/models/operations/realtimelistsubscriptionsrequest.md
  - docs/models/operations/realtimelistsubscriptionsresponse.md
  - docs/models/operations/realtimemessagesrequest.md
  - docs/models/operations/realtimemessagesresponse.md
  - docs/models/operations/realtimepresencerequest.md
  - docs/models/operations/realtimepresenceresponse.md
  - docs/models/operations/searchcreatebyidrequest.md
  - docs/models/operations/searchcreatebyidresponse.md
  - docs/models/operations/searchcreaterequest.md
  - docs/models/operations/searchcreateresponse.md
  - docs/models/operations/searchdeleterequest.md
  - docs/models/operations/searchdeleteresponse.md
  - docs/models/operations/searchdeleteindexrequest.md
  - docs/models/operations/searchdeleteindexresponse.md
  - docs/models/operations/searchsearchrequest.md
  - docs/models/operations/searchsearchresponse.md
  - docs/models/operations/searchgetrequest.md
  - docs/models/operations/searchgetresponse.md
  - docs/models/operations/searchgetindexrequest.md
  - docs/models/operations/searchgetindexresponse.md
  - docs/models/operations/searchlistindexesrequest.md
  - docs/models/operations/searchlistindexesresponse.md
  - docs/models/operations/searchdeletebyqueryrequest.md
  - docs/models/operations/searchdeletebyqueryresponse.md
  - docs/models/operations/searchcreateorreplacerequest.md
  - docs/models/operations/searchcreateorreplaceresponse.md
  - docs/models/operations/searchupdaterequest.md
  - docs/models/operations/searchupdateresponse.md
  - docs/models/operations/searchcreateorupdateindexrequest.md
  - docs/models/operations/searchcreateorupdateindexresponse.md
  - docs/models/shared/status.md
  - docs/models/shared/code.md
  - docs/models/shared/error.md
  - docs/models/shared/getaccesstokenresponse.md
  - docs/models/shared/healthcheckresponse.md
  - docs/models/shared/getinforesponse.md
  - docs/models/shared/quotausageresponse.md
  - docs/models/shared/quotausagerequest.md
  - docs/models/shared/quotalimitsresponse.md
  - docs/models/shared/quotalimitsrequest.md
  - docs/models/shared/querytimeseriesmetricsresponse.md
  - docs/models/shared/metricseries.md
  - docs/models/shared/datapoint.md
  - docs/models/shared/function.md
  - docs/models/shared/spaceaggregation.md
  - docs/models/shared/tigrisoperation.md
  - docs/models/shared/querytimeseriesmetricsrequest.md
  - docs/models/shared/additionalfunction.md
  - docs/models/shared/aggregator.md
  - docs/models/shared/rollupfunction.md
  - docs/models/shared/createnamespaceresponse.md
  - docs/models/shared/namespaceinfo.md
  - docs/models/shared/createnamespacerequest.md
  - docs/models/shared/describenamespacesresponse.md
  - docs/models/shared/describenamespacesdata.md
  - docs/models/shared/getnamespacemetadataresponsevalue.md
  - docs/models/shared/getnamespacemetadataresponse.md
  - docs/models/shared/value.md
  - docs/models/shared/getnamespacemetadatarequest.md
  - docs/models/shared/insertnamespacemetadataresponsevalue.md
  - docs/models/shared/insertnamespacemetadataresponse.md
  - docs/models/shared/insertnamespacemetadatarequestvalue.md
  - docs/models/shared/insertnamespacemetadatarequest.md
  - docs/models/shared/listnamespacesresponse.md
  - docs/models/shared/updatenamespacemetadataresponsevalue.md
  - docs/models/shared/updatenamespacemetadataresponse.md
  - docs/models/shared/updatenamespacemetadatarequestvalue.md
  - docs/models/shared/updatenamespacemetadatarequest.md
  - docs/models/shared/getusermetadataresponse.md
  - docs/models/shared/getusermetadatarequestvalue.md
  - docs/models/shared/getusermetadatarequest.md
  - docs/models/shared/insertusermetadataresponsevalue.md
  - docs/models/shared/insertusermetadataresponse.md
  - docs/models/shared/insertusermetadatarequestvalue.md
  - docs/models/shared/insertusermetadatarequest.md
  - docs/models/shared/updateusermetadataresponsevalue.md
  - docs/models/shared/updateusermetadataresponse.md
  - docs/models/shared/updateusermetadatarequestvalue.md
  - docs/models/shared/updateusermetadatarequest.md
  - docs/models/shared/createprojectresponse.md
  - docs/models/shared/createprojectrequest.md
  - docs/models/shared/deleteprojectresponse.md
  - docs/models/shared/deleteprojectrequest.md
  - docs/models/shared/listprojectsresponse.md
  - docs/models/shared/projectinfo.md
  - docs/models/shared/projectmetadata.md
  - docs/models/shared/deleteappkeyresponse.md
  - docs/models/shared/deleteappkeyrequest.md
  - docs/models/shared/listappkeysresponse.md
  - docs/models/shared/appkey.md
  - docs/models/shared/rotateappkeyresponse.md
  - docs/models/shared/rotateappkeyrequest.md
  - docs/models/shared/createappkeyresponse.md
  - docs/models/shared/createappkeyrequest.md
  - docs/models/shared/updateappkeyresponse.md
  - docs/models/shared/updateappkeyrequest.md
  - docs/models/shared/createcacheresponse.md
  - docs/models/shared/createcacherequest.md
  - docs/models/shared/createcacheoptions.md
  - docs/models/shared/deletecacheresponse.md
  - docs/models/shared/deletecacherequest.md
  - docs/models/shared/delresponse.md
  - docs/models/shared/delrequest.md
  - docs/models/shared/getresponse.md
  - docs/models/shared/getsetresponse.md
  - docs/models/shared/getsetrequest.md
  - docs/models/shared/listcachesresponse.md
  - docs/models/shared/cachemetadata.md
  - docs/models/shared/keysresponse.md
  - docs/models/shared/setresponse.md
  - docs/models/shared/setrequest.md
  - docs/models/shared/begintransactionresponse.md
  - docs/models/shared/transactionctx.md
  - docs/models/shared/begintransactionrequest.md
  - docs/models/shared/transactionoptions.md
  - docs/models/shared/committransactionresponse.md
  - docs/models/shared/committransactionrequest.md
  - docs/models/shared/createbranchresponse.md
  - docs/models/shared/createbranchrequest.md
  - docs/models/shared/deletebranchresponse.md
  - docs/models/shared/deletebranchrequest.md
  - docs/models/shared/describedatabaseresponse.md
  - docs/models/shared/databasemetadata.md
  - docs/models/shared/schema.md
  - docs/models/shared/collectiondescription.md
  - docs/models/shared/collectionmetadata.md
  - docs/models/shared/describedatabaserequest.md
  - docs/models/shared/listcollectionsresponse.md
  - docs/models/shared/collectioninfo.md
  - docs/models/shared/rollbacktransactionresponse.md
  - docs/models/shared/rollbacktransactionrequest.md
  - docs/models/shared/listbranchesresponse.md
  - docs/models/shared/branchinfo.md
  - docs/models/shared/branchmetadata.md
  - docs/models/shared/createorupdatecollectionresponse.md
  - docs/models/shared/createorupdatecollectionrequestschema.md
  - docs/models/shared/createorupdatecollectionrequest.md
  - docs/models/shared/collectionoptions.md
  - docs/models/shared/deleteresponse.md
  - docs/models/shared/responsemetadata.md
  - docs/models/shared/filter_.md
  - docs/models/shared/deleterequest.md
  - docs/models/shared/deleterequestoptions.md
  - docs/models/shared/writeoptions.md
  - docs/models/shared/collation.md
  - docs/models/shared/describecollectionresponseschema.md
  - docs/models/shared/describecollectionresponse.md
  - docs/models/shared/describecollectionrequest.md
  - docs/models/shared/dropcollectionresponse.md
  - docs/models/shared/dropcollectionrequest.md
  - docs/models/shared/importresponse.md
  - docs/models/shared/documents.md
  - docs/models/shared/importrequest.md
  - docs/models/shared/importrequestoptions.md
  - docs/models/shared/insertresponse.md
  - docs/models/shared/insertrequestdocuments.md
  - docs/models/shared/insertrequest.md
  - docs/models/shared/insertrequestoptions.md
  - docs/models/shared/streamingreadresponse.md
  - docs/models/shared/data.md
  - docs/models/shared/readresponse.md
  - docs/models/shared/fields.md
  - docs/models/shared/readrequestfilter.md
  - docs/models/shared/readrequest.md
  - docs/models/shared/readrequestoptions.md
  - docs/models/shared/replaceresponse.md
  - docs/models/shared/replacerequestdocuments.md
  - docs/models/shared/replacerequest.md
  - docs/models/shared/replacerequestoptions.md
  - docs/models/shared/streamingsearchresponse.md
  - docs/models/shared/searchresponse.md
  - docs/models/shared/searchmetadata.md
  - docs/models/shared/page.md
  - docs/models/shared/searchhitdata.md
  - docs/models/shared/searchhit.md
  - docs/models/shared/searchhitmeta.md
  - docs/models/shared/searchfacet.md
  - docs/models/shared/facetstats.md
  - docs/models/shared/facetcount.md
  - docs/models/shared/facet.md
  - docs/models/shared/searchrequestfields.md
  - docs/models/shared/searchrequestfilter.md
  - docs/models/shared/sort.md
  - docs/models/shared/searchrequest.md
  - docs/models/shared/updateresponse.md
  - docs/models/shared/updaterequestfields.md
  - docs/models/shared/updaterequestfilter.md
  - docs/models/shared/updaterequest.md
  - docs/models/shared/updaterequestoptions.md
  - docs/models/shared/getrtchannelresponse.md
  - docs/models/shared/readmessagesresponse.md
  - docs/models/shared/message.md
  - docs/models/shared/getrtchannelsresponse.md
  - docs/models/shared/channelmetadata.md
  - docs/models/shared/listsubscriptionresponse.md
  - docs/models/shared/messagesresponse.md
  - docs/models/shared/messagesrequest.md
  - docs/models/shared/presenceresponse.md
  - docs/models/shared/createbyidresponse.md
  - docs/models/shared/createbyidrequest.md
  - docs/models/shared/createdocumentresponse.md
  - docs/models/shared/docstatus.md
  - docs/models/shared/createdocumentrequest.md
  - docs/models/shared/deletedocumentresponse.md
  - docs/models/shared/deletedocumentrequest.md
  - docs/models/shared/deleteindexresponse.md
  - docs/models/shared/deleteindexrequest.md
  - docs/models/shared/searchindexresponse.md
  - docs/models/shared/indexdoc.md
  - docs/models/shared/docmeta.md
  - docs/models/shared/searchindexrequest.md
  - docs/models/shared/getdocumentresponse.md
  - docs/models/shared/getindexresponse.md
  - docs/models/shared/indexinfo.md
  - docs/models/shared/listindexesresponse.md
  - docs/models/shared/deletebyqueryresponse.md
  - docs/models/shared/deletebyqueryrequest.md
  - docs/models/shared/createorreplacedocumentresponse.md
  - docs/models/shared/createorreplacedocumentrequest.md
  - docs/models/shared/updatedocumentresponse.md
  - docs/models/shared/updatedocumentrequest.md
  - docs/models/shared/createorupdateindexresponse.md
  - docs/models/shared/createorupdateindexrequest.md
  - docs/models/shared/security.md
  - docs/sdks/tigris/README.md
  - docs/sdks/auth/README.md
  - docs/sdks/system/README.md
  - docs/sdks/namespace/README.md
  - docs/sdks/user/README.md
  - docs/sdks/project/README.md
  - docs/sdks/appkey/README.md
  - docs/sdks/cache/README.md
  - docs/sdks/database/README.md
  - docs/sdks/collection/README.md
  - docs/sdks/channel/README.md
  - docs/sdks/search/README.md
  - USAGE.md
  - .gitattributes
